
Microsoft Visual Studio Solution File, Format Version 12.00
# Visual Studio Version 16
VisualStudioVersion = 16.0.31321.278
MinimumVisualStudioVersion = 10.0.40219.1
Project("{FAE04EC0-301F-11D3-BF4B-00C04F79EFBC}") = "IsaLifeUpdated.Android", "IsaLife2.0\IsaLife2.0.Android\IsaLifeUpdated.Android.csproj", "{44020ED1-2D41-43B2-87F0-1B5999DEEB59}"
EndProject
Project("{FAE04EC0-301F-11D3-BF4B-00C04F79EFBC}") = "IsaLifeUpdated.iOS", "IsaLife2.0\IsaLife2.0.iOS\IsaLifeUpdated.iOS.csproj", "{0F6D601E-38CD-4660-8FAA-11145A256305}"
EndProject
Project("{9A19103F-16F7-4668-BE54-9A1E7A4F7556}") = "IsaLifeUpdated", "IsaLife2.0\IsaLife2.0\IsaLifeUpdated.csproj", "{CBB95C01-0798-4E80-ABBF-F6538F55A870}"
EndProject
Global
	GlobalSection(SolutionConfigurationPlatforms) = preSolution
		Debug|Any CPU = Debug|Any CPU
		Debug|iPhone = Debug|iPhone
		Debug|iPhoneSimulator = Debug|iPhoneSimulator
		Release|Any CPU = Release|Any CPU
		Release|iPhone = Release|iPhone
		Release|iPhoneSimulator = Release|iPhoneSimulator
	EndGlobalSection
	GlobalSection(ProjectConfigurationPlatforms) = postSolution
		{44020ED1-2D41-43B2-87F0-1B5999DEEB59}.Debug|Any CPU.ActiveCfg = Debug|Any CPU
		{44020ED1-2D41-43B2-87F0-1B5999DEEB59}.Debug|Any CPU.Build.0 = Debug|Any CPU
		{44020ED1-2D41-43B2-87F0-1B5999DEEB59}.Debug|Any CPU.Deploy.0 = Debug|Any CPU
		{44020ED1-2D41-43B2-87F0-1B5999DEEB59}.Debug|iPhone.ActiveCfg = Debug|Any CPU
		{44020ED1-2D41-43B2-87F0-1B5999DEEB59}.Debug|iPhone.Build.0 = Debug|Any CPU
		{44020ED1-2D41-43B2-87F0-1B5999DEEB59}.Debug|iPhone.Deploy.0 = Debug|Any CPU
		{44020ED1-2D41-43B2-87F0-1B5999DEEB59}.Debug|iPhoneSimulator.ActiveCfg = Debug|Any CPU
		{44020ED1-2D41-43B2-87F0-1B5999DEEB59}.Debug|iPhoneSimulator.Build.0 = Debug|Any CPU
		{44020ED1-2D41-43B2-87F0-1B5999DEEB59}.Debug|iPhoneSimulator.Deploy.0 = Debug|Any CPU
		{44020ED1-2D41-43B2-87F0-1B5999DEEB59}.Release|Any CPU.ActiveCfg = Release|Any CPU
		{44020ED1-2D41-43B2-87F0-1B5999DEEB59}.Release|Any CPU.Build.0 = Release|Any CPU
		{44020ED1-2D41-43B2-87F0-1B5999DEEB59}.Release|Any CPU.Deploy.0 = Release|Any CPU
		{44020ED1-2D41-43B2-87F0-1B5999DEEB59}.Release|iPhone.ActiveCfg = Release|Any CPU
		{44020ED1-2D41-43B2-87F0-1B5999DEEB59}.Release|iPhone.Build.0 = Release|Any CPU
		{44020ED1-2D41-43B2-87F0-1B5999DEEB59}.Release|iPhone.Deploy.0 = Release|Any CPU
		{44020ED1-2D41-43B2-87F0-1B5999DEEB59}.Release|iPhoneSimulator.ActiveCfg = Release|Any CPU
		{44020ED1-2D41-43B2-87F0-1B5999DEEB59}.Release|iPhoneSimulator.Build.0 = Release|Any CPU
		{44020ED1-2D41-43B2-87F0-1B5999DEEB59}.Release|iPhoneSimulator.Deploy.0 = Release|Any CPU
		{0F6D601E-38CD-4660-8FAA-11145A256305}.Debug|Any CPU.ActiveCfg = Debug|iPhone
		{0F6D601E-38CD-4660-8FAA-11145A256305}.Debug|Any CPU.Build.0 = Debug|iPhone
		{0F6D601E-38CD-4660-8FAA-11145A256305}.Debug|Any CPU.Deploy.0 = Debug|iPhone
		{0F6D601E-38CD-4660-8FAA-11145A256305}.Debug|iPhone.ActiveCfg = Debug|iPhone
		{0F6D601E-38CD-4660-8FAA-11145A256305}.Debug|iPhone.Build.0 = Debug|iPhone
		{0F6D601E-38CD-4660-8FAA-11145A256305}.Debug|iPhone.Deploy.0 = Debug|iPhone
		{0F6D601E-38CD-4660-8FAA-11145A256305}.Debug|iPhoneSimulator.ActiveCfg = Debug|iPhoneSimulator
		{0F6D601E-38CD-4660-8FAA-11145A256305}.Debug|iPhoneSimulator.Build.0 = Debug|iPhoneSimulator
		{0F6D601E-38CD-4660-8FAA-11145A256305}.Debug|iPhoneSimulator.Deploy.0 = Debug|iPhoneSimulator
		{0F6D601E-38CD-4660-8FAA-11145A256305}.Release|Any CPU.ActiveCfg = Release|iPhoneSimulator
		{0F6D601E-38CD-4660-8FAA-11145A256305}.Release|Any CPU.Build.0 = Release|iPhoneSimulator
		{0F6D601E-38CD-4660-8FAA-11145A256305}.Release|Any CPU.Deploy.0 = Release|iPhoneSimulator
		{0F6D601E-38CD-4660-8FAA-11145A256305}.Release|iPhone.ActiveCfg = Release|iPhone
		{0F6D601E-38CD-4660-8FAA-11145A256305}.Release|iPhone.Build.0 = Release|iPhone
		{0F6D601E-38CD-4660-8FAA-11145A256305}.Release|iPhone.Deploy.0 = Release|iPhone
		{0F6D601E-38CD-4660-8FAA-11145A256305}.Release|iPhoneSimulator.ActiveCfg = Release|iPhoneSimulator
		{0F6D601E-38CD-4660-8FAA-11145A256305}.Release|iPhoneSimulator.Build.0 = Release|iPhoneSimulator
		{0F6D601E-38CD-4660-8FAA-11145A256305}.Release|iPhoneSimulator.Deploy.0 = Release|iPhoneSimulator
		{CBB95C01-0798-4E80-ABBF-F6538F55A870}.Debug|Any CPU.ActiveCfg = Debug|Any CPU
		{CBB95C01-0798-4E80-ABBF-F6538F55A870}.Debug|Any CPU.Build.0 = Debug|Any CPU
		{CBB95C01-0798-4E80-ABBF-F6538F55A870}.Debug|Any CPU.Deploy.0 = Debug|Any CPU
		{CBB95C01-0798-4E80-ABBF-F6538F55A870}.Debug|iPhone.ActiveCfg = Debug|Any CPU
		{CBB95C01-0798-4E80-ABBF-F6538F55A870}.Debug|iPhone.Build.0 = Debug|Any CPU
		{CBB95C01-0798-4E80-ABBF-F6538F55A870}.Debug|iPhone.Deploy.0 = Debug|Any CPU
		{CBB95C01-0798-4E80-ABBF-F6538F55A870}.Debug|iPhoneSimulator.ActiveCfg = Debug|Any CPU
		{CBB95C01-0798-4E80-ABBF-F6538F55A870}.Debug|iPhoneSimulator.Build.0 = Debug|Any CPU
		{CBB95C01-0798-4E80-ABBF-F6538F55A870}.Debug|iPhoneSimulator.Deploy.0 = Debug|Any CPU
		{CBB95C01-0798-4E80-ABBF-F6538F55A870}.Release|Any CPU.ActiveCfg = Release|Any CPU
		{CBB95C01-0798-4E80-ABBF-F6538F55A870}.Release|Any CPU.Build.0 = Release|Any CPU
		{CBB95C01-0798-4E80-ABBF-F6538F55A870}.Release|Any CPU.Deploy.0 = Release|Any CPU
		{CBB95C01-0798-4E80-ABBF-F6538F55A870}.Release|iPhone.ActiveCfg = Release|Any CPU
		{CBB95C01-0798-4E80-ABBF-F6538F55A870}.Release|iPhone.Build.0 = Release|Any CPU
		{CBB95C01-0798-4E80-ABBF-F6538F55A870}.Release|iPhone.Deploy.0 = Release|Any CPU
		{CBB95C01-0798-4E80-ABBF-F6538F55A870}.Release|iPhoneSimulator.ActiveCfg = Release|Any CPU
		{CBB95C01-0798-4E80-ABBF-F6538F55A870}.Release|iPhoneSimulator.Build.0 = Release|Any CPU
		{CBB95C01-0798-4E80-ABBF-F6538F55A870}.Release|iPhoneSimulator.Deploy.0 = Release|Any CPU
	EndGlobalSection
	GlobalSection(SolutionProperties) = preSolution
		HideSolutionNode = FALSE
	EndGlobalSection
	GlobalSection(ExtensibilityGlobals) = postSolution
		SolutionGuid = {B4E70C44-4212-414F-97A3-343425C5FBC1}
	EndGlobalSection
EndGlobal
